
Microsoft Visual Studio Solution File, Format Version 12.00
# Visual Studio Version 17
VisualStudioVersion = 17.8.34309.116
MinimumVisualStudioVersion = 10.0.40219.1
Project("{9A19103F-16F7-4668-BE54-9A1E7A4F7556}") = "ConsoleApp1", "ConsoleApp1\ConsoleApp1.csproj", "{BD3BF7C0-2686-4ACA-B5F2-F48709E82B5B}"
EndProject
Project("{9A19103F-16F7-4668-BE54-9A1E7A4F7556}") = "ConsoleApp2", "ConsoleApp2\ConsoleApp2.csproj", "{24B74CD0-D155-42D3-9EEC-859C67980526}"
EndProject
Project("{9A19103F-16F7-4668-BE54-9A1E7A4F7556}") = "WebJob1", "WebJob1\WebJob1.csproj", "{BB1A2487-6220-4E8E-90E0-47F990592731}"
EndProject
Project("{9A19103F-16F7-4668-BE54-9A1E7A4F7556}") = "ConsoleApp3", "ConsoleApp3\ConsoleApp3.csproj", "{FDCEB5AE-13E6-45EE-A3D8-F34AE68E99C7}"
EndProject
Project("{9A19103F-16F7-4668-BE54-9A1E7A4F7556}") = "ConsoleApp4", "ConsoleApp4\ConsoleApp4.csproj", "{CA47C91E-65D9-4B71-9679-C91F6BBAB717}"
EndProject
Project("{FAE04EC0-301F-11D3-BF4B-00C04F79EFBC}") = "DelegateEx", "DelegateEx\DelegateEx.csproj", "{070E6647-7C4A-4029-B142-B94ACFE8EFDF}"
EndProject
Global
	GlobalSection(SolutionConfigurationPlatforms) = preSolution
		Debug|Any CPU = Debug|Any CPU
		Release|Any CPU = Release|Any CPU
	EndGlobalSection
	GlobalSection(ProjectConfigurationPlatforms) = postSolution
		{BD3BF7C0-2686-4ACA-B5F2-F48709E82B5B}.Debug|Any CPU.ActiveCfg = Debug|Any CPU
		{BD3BF7C0-2686-4ACA-B5F2-F48709E82B5B}.Debug|Any CPU.Build.0 = Debug|Any CPU
		{BD3BF7C0-2686-4ACA-B5F2-F48709E82B5B}.Release|Any CPU.ActiveCfg = Release|Any CPU
		{BD3BF7C0-2686-4ACA-B5F2-F48709E82B5B}.Release|Any CPU.Build.0 = Release|Any CPU
		{24B74CD0-D155-42D3-9EEC-859C67980526}.Debug|Any CPU.ActiveCfg = Debug|Any CPU
		{24B74CD0-D155-42D3-9EEC-859C67980526}.Debug|Any CPU.Build.0 = Debug|Any CPU
		{24B74CD0-D155-42D3-9EEC-859C67980526}.Release|Any CPU.ActiveCfg = Release|Any CPU
		{24B74CD0-D155-42D3-9EEC-859C67980526}.Release|Any CPU.Build.0 = Release|Any CPU
		{BB1A2487-6220-4E8E-90E0-47F990592731}.Debug|Any CPU.ActiveCfg = Debug|Any CPU
		{BB1A2487-6220-4E8E-90E0-47F990592731}.Debug|Any CPU.Build.0 = Debug|Any CPU
		{BB1A2487-6220-4E8E-90E0-47F990592731}.Release|Any CPU.ActiveCfg = Release|Any CPU
		{BB1A2487-6220-4E8E-90E0-47F990592731}.Release|Any CPU.Build.0 = Release|Any CPU
		{FDCEB5AE-13E6-45EE-A3D8-F34AE68E99C7}.Debug|Any CPU.ActiveCfg = Debug|Any CPU
		{FDCEB5AE-13E6-45EE-A3D8-F34AE68E99C7}.Debug|Any CPU.Build.0 = Debug|Any CPU
		{FDCEB5AE-13E6-45EE-A3D8-F34AE68E99C7}.Release|Any CPU.ActiveCfg = Release|Any CPU
		{FDCEB5AE-13E6-45EE-A3D8-F34AE68E99C7}.Release|Any CPU.Build.0 = Release|Any CPU
		{CA47C91E-65D9-4B71-9679-C91F6BBAB717}.Debug|Any CPU.ActiveCfg = Debug|Any CPU
		{CA47C91E-65D9-4B71-9679-C91F6BBAB717}.Debug|Any CPU.Build.0 = Debug|Any CPU
		{CA47C91E-65D9-4B71-9679-C91F6BBAB717}.Release|Any CPU.ActiveCfg = Release|Any CPU
		{CA47C91E-65D9-4B71-9679-C91F6BBAB717}.Release|Any CPU.Build.0 = Release|Any CPU
		{070E6647-7C4A-4029-B142-B94ACFE8EFDF}.Debug|Any CPU.ActiveCfg = Debug|Any CPU
		{070E6647-7C4A-4029-B142-B94ACFE8EFDF}.Debug|Any CPU.Build.0 = Debug|Any CPU
		{070E6647-7C4A-4029-B142-B94ACFE8EFDF}.Release|Any CPU.ActiveCfg = Release|Any CPU
		{070E6647-7C4A-4029-B142-B94ACFE8EFDF}.Release|Any CPU.Build.0 = Release|Any CPU
	EndGlobalSection
	GlobalSection(SolutionProperties) = preSolution
		HideSolutionNode = FALSE
	EndGlobalSection
	GlobalSection(ExtensibilityGlobals) = postSolution
		SolutionGuid = {BB89B602-9D43-4D3E-9C42-CF70EB56E659}
	EndGlobalSection
EndGlobal
